{
  "version": 4,
  "terraform_version": "1.9.5",
  "serial": 13,
  "lineage": "d2790d5d-57d7-a053-b8fe-20a1beab6c25",
  "outputs": {},
  "resources": [
    {
      "mode": "managed",
      "type": "google_bigquery_dataset",
      "name": "mydataset",
      "provider": "provider[\"registry.terraform.io/hashicorp/google\"]",
      "instances": [
        {
          "schema_version": 0,
          "attributes": {
            "access": [
              {
                "dataset": [],
                "domain": "",
                "group_by_email": "",
                "iam_member": "",
                "role": "OWNER",
                "routine": [],
                "special_group": "",
                "user_by_email": "user-ouassepzkixf@293524729582.iam.gserviceaccount.com",
                "view": []
              },
              {
                "dataset": [],
                "domain": "",
                "group_by_email": "",
                "iam_member": "",
                "role": "OWNER",
                "routine": [],
                "special_group": "projectOwners",
                "user_by_email": "",
                "view": []
              },
              {
                "dataset": [],
                "domain": "",
                "group_by_email": "",
                "iam_member": "",
                "role": "READER",
                "routine": [],
                "special_group": "projectReaders",
                "user_by_email": "",
                "view": []
              },
              {
                "dataset": [],
                "domain": "",
                "group_by_email": "",
                "iam_member": "",
                "role": "WRITER",
                "routine": [],
                "special_group": "projectWriters",
                "user_by_email": "",
                "view": []
              }
            ],
            "creation_time": 1727444401050,
            "dataset_id": "mydataset",
            "default_collation": "",
            "default_encryption_configuration": [],
            "default_partition_expiration_ms": 0,
            "default_table_expiration_ms": 0,
            "delete_contents_on_destroy": false,
            "description": "",
            "effective_labels": {
              "goog-terraform-provisioned": "true"
            },
            "etag": "eRp+FNA8X/b4Sf6KAcAKWA==",
            "external_dataset_reference": [],
            "friendly_name": "",
            "id": "projects/user-ouassepzkixf/datasets/mydataset",
            "is_case_insensitive": false,
            "labels": null,
            "last_modified_time": 1727444401050,
            "location": "US",
            "max_time_travel_hours": "",
            "project": "user-ouassepzkixf",
            "resource_tags": null,
            "self_link": "https://bigquery.googleapis.com/bigquery/v2/projects/user-ouassepzkixf/datasets/mydataset",
            "storage_billing_model": "",
            "terraform_labels": {
              "goog-terraform-provisioned": "true"
            },
            "timeouts": null
          },
          "sensitive_attributes": [],
          "private": "eyJlMmJmYjczMC1lY2FhLTExZTYtOGY4OC0zNDM2M2JjN2M0YzAiOnsiY3JlYXRlIjoxMjAwMDAwMDAwMDAwLCJkZWxldGUiOjEyMDAwMDAwMDAwMDAsInVwZGF0ZSI6MTIwMDAwMDAwMDAwMH19"
        }
      ]
    },
    {
      "mode": "managed",
      "type": "google_project_iam_member",
      "name": "data_editor",
      "provider": "provider[\"registry.terraform.io/hashicorp/google\"]",
      "instances": [
        {
          "schema_version": 0,
          "attributes": {
            "condition": [],
            "etag": "BwYjGf7j6OQ=",
            "id": "user-ouassepzkixf/roles/bigquery.dataEditor/serviceAccount:my-bq-service-account@user-ouassepzkixf.iam.gserviceaccount.com",
            "member": "serviceAccount:my-bq-service-account@user-ouassepzkixf.iam.gserviceaccount.com",
            "project": "user-ouassepzkixf",
            "role": "roles/bigquery.dataEditor"
          },
          "sensitive_attributes": [],
          "private": "bnVsbA==",
          "dependencies": [
            "google_service_account.bq_service_account"
          ]
        }
      ]
    },
    {
      "mode": "managed",
      "type": "google_project_iam_member",
      "name": "job_user",
      "provider": "provider[\"registry.terraform.io/hashicorp/google\"]",
      "instances": [
        {
          "schema_version": 0,
          "attributes": {
            "condition": [],
            "etag": "BwYjGf7j6OQ=",
            "id": "user-ouassepzkixf/roles/bigquery.jobUser/serviceAccount:my-bq-service-account@user-ouassepzkixf.iam.gserviceaccount.com",
            "member": "serviceAccount:my-bq-service-account@user-ouassepzkixf.iam.gserviceaccount.com",
            "project": "user-ouassepzkixf",
            "role": "roles/bigquery.jobUser"
          },
          "sensitive_attributes": [],
          "private": "bnVsbA==",
          "dependencies": [
            "google_service_account.bq_service_account"
          ]
        }
      ]
    },
    {
      "mode": "managed",
      "type": "google_project_service",
      "name": "bigquery",
      "provider": "provider[\"registry.terraform.io/hashicorp/google\"]",
      "instances": [
        {
          "schema_version": 0,
          "attributes": {
            "disable_dependent_services": null,
            "disable_on_destroy": true,
            "id": "user-ouassepzkixf/bigquery.googleapis.com",
            "project": "user-ouassepzkixf",
            "service": "bigquery.googleapis.com",
            "timeouts": null
          },
          "sensitive_attributes": [],
          "private": "eyJlMmJmYjczMC1lY2FhLTExZTYtOGY4OC0zNDM2M2JjN2M0YzAiOnsiY3JlYXRlIjoxMjAwMDAwMDAwMDAwLCJkZWxldGUiOjEyMDAwMDAwMDAwMDAsInJlYWQiOjYwMDAwMDAwMDAwMCwidXBkYXRlIjoxMjAwMDAwMDAwMDAwfX0="
        }
      ]
    },
    {
      "mode": "managed",
      "type": "google_project_service",
      "name": "cloud_resource_manager",
      "provider": "provider[\"registry.terraform.io/hashicorp/google\"]",
      "instances": [
        {
          "schema_version": 0,
          "attributes": {
            "disable_dependent_services": null,
            "disable_on_destroy": true,
            "id": "user-ouassepzkixf/cloudresourcemanager.googleapis.com",
            "project": "user-ouassepzkixf",
            "service": "cloudresourcemanager.googleapis.com",
            "timeouts": null
          },
          "sensitive_attributes": [],
          "private": "eyJlMmJmYjczMC1lY2FhLTExZTYtOGY4OC0zNDM2M2JjN2M0YzAiOnsiY3JlYXRlIjoxMjAwMDAwMDAwMDAwLCJkZWxldGUiOjEyMDAwMDAwMDAwMDAsInJlYWQiOjYwMDAwMDAwMDAwMCwidXBkYXRlIjoxMjAwMDAwMDAwMDAwfX0="
        }
      ]
    },
    {
      "mode": "managed",
      "type": "google_project_service",
      "name": "iam",
      "provider": "provider[\"registry.terraform.io/hashicorp/google\"]",
      "instances": [
        {
          "schema_version": 0,
          "attributes": {
            "disable_dependent_services": null,
            "disable_on_destroy": true,
            "id": "user-ouassepzkixf/iam.googleapis.com",
            "project": "user-ouassepzkixf",
            "service": "iam.googleapis.com",
            "timeouts": null
          },
          "sensitive_attributes": [],
          "private": "eyJlMmJmYjczMC1lY2FhLTExZTYtOGY4OC0zNDM2M2JjN2M0YzAiOnsiY3JlYXRlIjoxMjAwMDAwMDAwMDAwLCJkZWxldGUiOjEyMDAwMDAwMDAwMDAsInJlYWQiOjYwMDAwMDAwMDAwMCwidXBkYXRlIjoxMjAwMDAwMDAwMDAwfX0="
        }
      ]
    },
    {
      "mode": "managed",
      "type": "google_service_account",
      "name": "bq_service_account",
      "provider": "provider[\"registry.terraform.io/hashicorp/google\"]",
      "instances": [
        {
          "schema_version": 0,
          "attributes": {
            "account_id": "my-bq-service-account",
            "create_ignore_already_exists": null,
            "description": "",
            "disabled": false,
            "display_name": "BigQuery Service Account",
            "email": "my-bq-service-account@user-ouassepzkixf.iam.gserviceaccount.com",
            "id": "projects/user-ouassepzkixf/serviceAccounts/my-bq-service-account@user-ouassepzkixf.iam.gserviceaccount.com",
            "member": "serviceAccount:my-bq-service-account@user-ouassepzkixf.iam.gserviceaccount.com",
            "name": "projects/user-ouassepzkixf/serviceAccounts/my-bq-service-account@user-ouassepzkixf.iam.gserviceaccount.com",
            "project": "user-ouassepzkixf",
            "timeouts": null,
            "unique_id": "101546780100783581601"
          },
          "sensitive_attributes": [],
          "private": "eyJlMmJmYjczMC1lY2FhLTExZTYtOGY4OC0zNDM2M2JjN2M0YzAiOnsiY3JlYXRlIjozMDAwMDAwMDAwMDB9fQ=="
        }
      ]
    },
    {
      "mode": "managed",
      "type": "google_service_account_key",
      "name": "key",
      "provider": "provider[\"registry.terraform.io/hashicorp/google\"]",
      "instances": [
        {
          "schema_version": 0,
          "attributes": {
            "id": "projects/user-ouassepzkixf/serviceAccounts/my-bq-service-account@user-ouassepzkixf.iam.gserviceaccount.com/keys/f68c78af92dfede3a85955bd28f35c496b691b99",
            "keepers": null,
            "key_algorithm": "KEY_ALG_RSA_2048",
            "name": "projects/user-ouassepzkixf/serviceAccounts/my-bq-service-account@user-ouassepzkixf.iam.gserviceaccount.com/keys/f68c78af92dfede3a85955bd28f35c496b691b99",
            "private_key": "ewogICJ0eXBlIjogInNlcnZpY2VfYWNjb3VudCIsCiAgInByb2plY3RfaWQiOiAidXNlci1vdWFzc2VwemtpeGYiLAogICJwcml2YXRlX2tleV9pZCI6ICJmNjhjNzhhZjkyZGZlZGUzYTg1OTU1YmQyOGYzNWM0OTZiNjkxYjk5IiwKICAicHJpdmF0ZV9rZXkiOiAiLS0tLS1CRUdJTiBQUklWQVRFIEtFWS0tLS0tXG5NSUlFdmdJQkFEQU5CZ2txaGtpRzl3MEJBUUVGQUFTQ0JLZ3dnZ1NrQWdFQUFvSUJBUURXMzVPa2NnZ016MjY2XG5hVmpiQ2JVZmtmR1hjWko2aWRzZkpscTdrRUgzTlVnVkd3eThjQm1abVJXR280MW91OFg2UkVDYjdheFJ3eWtqXG5VM1pOc2dCUkxvN1lpM1BZdkozRUJ4QTlpNlZWWDA3RlpVek9HSTZUSkI0UVFBZW9zR3hsVWIyQ0ZYVW9YcUVWXG5PVWdaR3Mxd2ljcHNrcGYzbW9RQVA2SktORDRtSlFlY1RkQktKSldrekRLVnVIWkVCY3ZaalJ6K1h4L3BLRENpXG5ZWWZnSVVEV2FIbzZqeitXT3NiZjB6SGtuT0h2U1JQcWptVDN6MzFmNm10dXY4VGtCaUoyN3NZQzhiZ3hxU3dEXG5PcXNRRVlQdzFBZGd0Y20xZk02RUhjVDV0a3RrbjlOYmRPVFl3VThXZXdaNnZOOG9nazUyWXRjbmNEbk9wMGxWXG5Qbkh4bWhvQkFnTUJBQUVDZ2dFQUJranlrb2NDZTdLVlJaOEJwWThVeGhsb3AveVJnM3A3eVlPdFU1WW1RaFpXXG5QZzg1dEJJdFZZUUZ0UE1jdXgzZTdqcVEvUERqMDh1TldyUVllYkNYMDZOOTZwRWtndEV6UVpRWlVBSmx1dm91XG5MOTh5dS8xZW0xK2RTY2xraHRDTDlXZ21LaHBDdHhhQVdtYnRjNVgyQ2pwdXNSc0R1dzhjZEUvNmR1UXRCRmF6XG5Ea0pFVlozK2xURXlmSVNvTXd3OVJlMTlzaU55TnFQd0RIZjI4UHdwd2lNT1N3aTc2UE9jbktleVYwcVVRMHNMXG5ZUVZvUkFYaitzRzhVS1ZWMzNvUVJwV3p4MUVjamU1a254c3hxSFk2NDFZMzEza0lpa0VFeC80UG1GZGxkQnQ0XG5TTEtudWhxQWxQYlF6WHBqbTNZajJieEs5M2NhbEdiNUhvWVhZMTVDUHdLQmdRRDM1TlBEQmpPN2NpZFc0dy9NXG5teEVuRHdua09hVEc3Y0pSanNCNndTNGt2b25VNnF5aWFlVGlMaW1MZkZoWjZwbS9QdFRFWDZkWWxtc2Qrc1c4XG5ZcUFQbWZEWTBLd1IyVm9ETThKMGZYdVh5OXlIMGQ4N0UvbmlmaDhpMGZxa1dTZC8xWGpMSUJMa3dDV0VaWmFOXG5LU0JveDdvTHlvMEJtZ1lSdXNUclBtYTIwd0tCZ1FEZDVsUG04L0MvMDNSUmttK1B1WG5Yc3FZU0Q0ci9FSkxWXG5GNTFhUXJLYVNKNitTdHJBYnZRWEhycTNTSlI5ZDFBZ2ZpME14dGJYaFNGeWxkdkRaREJrYVhvSjNrYXllNFB4XG5DNDFkT1NJMjZZaWoxcEhNUGxoT1pmcVJVQTVKeWxhRDV2ZVI1ZkV6eHp1bzU5S3k3enAxakV5dnp1T2RPNm1iXG4xTEV3V1NSUFd3S0JnUURVL0RKRmVlcXd2cCsyTTFpN3Z1KzUwMTM0VE42YVhHVjhsVjRqR2g5L1NvWTUvWGRlXG5CQVczbjFucWttZUd1ZDVuUnFDZ0tGOHI2ZkVXelFOZm5JMVJXajVveXNGTWhLYWw0YTdOVDVNRkZRN2hVeHl0XG5NYmlkTlNlalR5NCtUcXQxVmdCMjVaUFdIcEVkYy9zcVJZK205eE9PVmZWWXp2RXdBbngyY2lMbUtRS0JnQzhjXG5hWS9ORnI0RFROek10RGJWY0JMbGNQREFzQWY3SXRGdkZBOUh2ZGVYdDJ3N1JEbzYxRVBjV0ZQMWF1RkFaWmlnXG5jVHdYTXlIS3VCRTEwOVNsL3NneXhLQTN1dGJGOW50RXNweXFOcU5sN1lhclZZVUJiNG9saUk4MWFmTXNyRFdRXG40ZHJ0OE1uSGNOa3Bic2hpbGd6QzNyMHN0Wko2U2tZMVgvRWQyK0dsQW9HQkFPZ2dYcnZTQWVCU016elByV3lUXG5hZEN5cXhuNUhCZnFERG5WeTRObXFqbkdVTGJNQkErUnp5NFM3V2NNQkpBNmUwM0RQYzRLN1VyWFoyc0ZQK1hQXG5SYU5lUVdQbUE0NUhIdjdwQlFRR1RPUFFOK1A5UWJCTDlvUm4wSVNCcU8weFJPZWlpN2pzTWpqWWE4d2FoSXl5XG5HZGlYU2d4b0lBTmRQKzd2Q0hrQTlBakVcbi0tLS0tRU5EIFBSSVZBVEUgS0VZLS0tLS1cbiIsCiAgImNsaWVudF9lbWFpbCI6ICJteS1icS1zZXJ2aWNlLWFjY291bnRAdXNlci1vdWFzc2VwemtpeGYuaWFtLmdzZXJ2aWNlYWNjb3VudC5jb20iLAogICJjbGllbnRfaWQiOiAiMTAxNTQ2NzgwMTAwNzgzNTgxNjAxIiwKICAiYXV0aF91cmkiOiAiaHR0cHM6Ly9hY2NvdW50cy5nb29nbGUuY29tL28vb2F1dGgyL2F1dGgiLAogICJ0b2tlbl91cmkiOiAiaHR0cHM6Ly9vYXV0aDIuZ29vZ2xlYXBpcy5jb20vdG9rZW4iLAogICJhdXRoX3Byb3ZpZGVyX3g1MDlfY2VydF91cmwiOiAiaHR0cHM6Ly93d3cuZ29vZ2xlYXBpcy5jb20vb2F1dGgyL3YxL2NlcnRzIiwKICAiY2xpZW50X3g1MDlfY2VydF91cmwiOiAiaHR0cHM6Ly93d3cuZ29vZ2xlYXBpcy5jb20vcm9ib3QvdjEvbWV0YWRhdGEveDUwOS9teS1icS1zZXJ2aWNlLWFjY291bnQlNDB1c2VyLW91YXNzZXB6a2l4Zi5pYW0uZ3NlcnZpY2VhY2NvdW50LmNvbSIsCiAgInVuaXZlcnNlX2RvbWFpbiI6ICJnb29nbGVhcGlzLmNvbSIKfQo=",
            "private_key_type": "TYPE_GOOGLE_CREDENTIALS_FILE",
            "public_key": "LS0tLS1CRUdJTiBDRVJUSUZJQ0FURS0tLS0tCk1JSUMrekNDQWVPZ0F3SUJBZ0lKQU1hWnhWNC92dTJwTUEwR0NTcUdTSWIzRFFFQkJRVUFNQ0F4SGpBY0JnTlYKQkFNTUZURXdNVFUwTmpjNE1ERXdNRGM0TXpVNE1UWXdNVEFlRncweU5EQTVNamN4TXpRd01UTmFGdzB5TkRBNQpNamN4TkRRd01UTmFNQ0F4SGpBY0JnTlZCQU1NRlRFd01UVTBOamM0TURFd01EYzRNelU0TVRZd01UQ0NBU0l3CkRRWUpLb1pJaHZjTkFRRUJCUUFEZ2dFUEFEQ0NBUW9DZ2dFQkFOYmZrNlJ5Q0F6UGJycHBXTnNKdFIrUjhaZHgKa25xSjJ4OG1XcnVRUWZjMVNCVWJETHh3R1ptWkZZYWpqV2k3eGZwRVFKdnRyRkhES1NOVGRrMnlBRkV1anRpTApjOWk4bmNRSEVEMkxwVlZmVHNWbFRNNFlqcE1rSGhCQUI2aXdiR1ZSdllJVmRTaGVvUlU1U0JrYXpYQ0p5bXlTCmwvZWFoQUEvb2tvMFBpWWxCNXhOMEVva2xhVE1NcFc0ZGtRRnk5bU5IUDVmSCtrb01LSmhoK0FoUU5ab2VqcVAKUDVZNnh0L1RNZVNjNGU5SkUrcU9aUGZQZlYvcWEyNi94T1FHSW5idXhnTHh1REdwTEFNNnF4QVJnL0RVQjJDMQp5YlY4em9RZHhQbTJTMlNmMDF0MDVOakJUeFo3Qm5xODN5aUNUblppMXlkd09jNm5TVlUrY2ZHYUdnRUNBd0VBCkFhTTRNRFl3REFZRFZSMFRBUUgvQkFJd0FEQU9CZ05WSFE4QkFmOEVCQU1DQjRBd0ZnWURWUjBsQVFIL0JBd3cKQ2dZSUt3WUJCUVVIQXdJd0RRWUpLb1pJaHZjTkFRRUZCUUFEZ2dFQkFHQzZOZ0h6ZXZpRFB6V3hVODEvWG1vTApXSXBCcXp0eHdCRnhhL0NoWWUyU2hCdmxxK2M0TGNOMjBYTEpacW9QaHY1QkR2MFBtemQranp6WGxZZkl0anpNCkFYVTkyNTJ5ZHF2d2tMTW5VRE9BZzdsbktnaXBsdS9DUmtRUFlHYmgxdHVqd1Vsc3RHNTBUTFZ0MmV3bmk0VjcKM2MvNEJFQTh5bllKbSt4TjlnTGhKSG5DWGp5V1BVVGs4NFArTkJ6K21wYkU4RWN0ck1LQ3JDQjl3NitJeWR0awpoMm9pS1l1emFGLzhwcjYwNVZiVGJhZ3RwVlZCYkliRmpEZ3NRdDRzcFZmcEdsN2xhd2YxOHVKdVc2QW9iQ2lwCmVRckFLaERPKzF6R29JOU1xVGhkbk5HNVNyUGNJeVZ6UURFM1BUVHNta0VBVWdwOUZLTDJZdTJtSlJIK1pGbz0KLS0tLS1FTkQgQ0VSVElGSUNBVEUtLS0tLQo=",
            "public_key_data": null,
            "public_key_type": "TYPE_X509_PEM_FILE",
            "service_account_id": "projects/user-ouassepzkixf/serviceAccounts/my-bq-service-account@user-ouassepzkixf.iam.gserviceaccount.com",
            "valid_after": "2024-09-27T13:40:13Z",
            "valid_before": "2024-09-27T14:40:13Z"
          },
          "sensitive_attributes": [
            [
              {
                "type": "get_attr",
                "value": "private_key"
              }
            ]
          ],
          "private": "bnVsbA==",
          "dependencies": [
            "google_service_account.bq_service_account"
          ]
        }
      ]
    },
    {
      "mode": "managed",
      "type": "local_file",
      "name": "keyfile",
      "provider": "provider[\"registry.terraform.io/hashicorp/local\"]",
      "instances": [
        {
          "schema_version": 0,
          "attributes": {
            "content": "ewogICJ0eXBlIjogInNlcnZpY2VfYWNjb3VudCIsCiAgInByb2plY3RfaWQiOiAidXNlci1vdWFzc2VwemtpeGYiLAogICJwcml2YXRlX2tleV9pZCI6ICJmNjhjNzhhZjkyZGZlZGUzYTg1OTU1YmQyOGYzNWM0OTZiNjkxYjk5IiwKICAicHJpdmF0ZV9rZXkiOiAiLS0tLS1CRUdJTiBQUklWQVRFIEtFWS0tLS0tXG5NSUlFdmdJQkFEQU5CZ2txaGtpRzl3MEJBUUVGQUFTQ0JLZ3dnZ1NrQWdFQUFvSUJBUURXMzVPa2NnZ016MjY2XG5hVmpiQ2JVZmtmR1hjWko2aWRzZkpscTdrRUgzTlVnVkd3eThjQm1abVJXR280MW91OFg2UkVDYjdheFJ3eWtqXG5VM1pOc2dCUkxvN1lpM1BZdkozRUJ4QTlpNlZWWDA3RlpVek9HSTZUSkI0UVFBZW9zR3hsVWIyQ0ZYVW9YcUVWXG5PVWdaR3Mxd2ljcHNrcGYzbW9RQVA2SktORDRtSlFlY1RkQktKSldrekRLVnVIWkVCY3ZaalJ6K1h4L3BLRENpXG5ZWWZnSVVEV2FIbzZqeitXT3NiZjB6SGtuT0h2U1JQcWptVDN6MzFmNm10dXY4VGtCaUoyN3NZQzhiZ3hxU3dEXG5PcXNRRVlQdzFBZGd0Y20xZk02RUhjVDV0a3RrbjlOYmRPVFl3VThXZXdaNnZOOG9nazUyWXRjbmNEbk9wMGxWXG5Qbkh4bWhvQkFnTUJBQUVDZ2dFQUJranlrb2NDZTdLVlJaOEJwWThVeGhsb3AveVJnM3A3eVlPdFU1WW1RaFpXXG5QZzg1dEJJdFZZUUZ0UE1jdXgzZTdqcVEvUERqMDh1TldyUVllYkNYMDZOOTZwRWtndEV6UVpRWlVBSmx1dm91XG5MOTh5dS8xZW0xK2RTY2xraHRDTDlXZ21LaHBDdHhhQVdtYnRjNVgyQ2pwdXNSc0R1dzhjZEUvNmR1UXRCRmF6XG5Ea0pFVlozK2xURXlmSVNvTXd3OVJlMTlzaU55TnFQd0RIZjI4UHdwd2lNT1N3aTc2UE9jbktleVYwcVVRMHNMXG5ZUVZvUkFYaitzRzhVS1ZWMzNvUVJwV3p4MUVjamU1a254c3hxSFk2NDFZMzEza0lpa0VFeC80UG1GZGxkQnQ0XG5TTEtudWhxQWxQYlF6WHBqbTNZajJieEs5M2NhbEdiNUhvWVhZMTVDUHdLQmdRRDM1TlBEQmpPN2NpZFc0dy9NXG5teEVuRHdua09hVEc3Y0pSanNCNndTNGt2b25VNnF5aWFlVGlMaW1MZkZoWjZwbS9QdFRFWDZkWWxtc2Qrc1c4XG5ZcUFQbWZEWTBLd1IyVm9ETThKMGZYdVh5OXlIMGQ4N0UvbmlmaDhpMGZxa1dTZC8xWGpMSUJMa3dDV0VaWmFOXG5LU0JveDdvTHlvMEJtZ1lSdXNUclBtYTIwd0tCZ1FEZDVsUG04L0MvMDNSUmttK1B1WG5Yc3FZU0Q0ci9FSkxWXG5GNTFhUXJLYVNKNitTdHJBYnZRWEhycTNTSlI5ZDFBZ2ZpME14dGJYaFNGeWxkdkRaREJrYVhvSjNrYXllNFB4XG5DNDFkT1NJMjZZaWoxcEhNUGxoT1pmcVJVQTVKeWxhRDV2ZVI1ZkV6eHp1bzU5S3k3enAxakV5dnp1T2RPNm1iXG4xTEV3V1NSUFd3S0JnUURVL0RKRmVlcXd2cCsyTTFpN3Z1KzUwMTM0VE42YVhHVjhsVjRqR2g5L1NvWTUvWGRlXG5CQVczbjFucWttZUd1ZDVuUnFDZ0tGOHI2ZkVXelFOZm5JMVJXajVveXNGTWhLYWw0YTdOVDVNRkZRN2hVeHl0XG5NYmlkTlNlalR5NCtUcXQxVmdCMjVaUFdIcEVkYy9zcVJZK205eE9PVmZWWXp2RXdBbngyY2lMbUtRS0JnQzhjXG5hWS9ORnI0RFROek10RGJWY0JMbGNQREFzQWY3SXRGdkZBOUh2ZGVYdDJ3N1JEbzYxRVBjV0ZQMWF1RkFaWmlnXG5jVHdYTXlIS3VCRTEwOVNsL3NneXhLQTN1dGJGOW50RXNweXFOcU5sN1lhclZZVUJiNG9saUk4MWFmTXNyRFdRXG40ZHJ0OE1uSGNOa3Bic2hpbGd6QzNyMHN0Wko2U2tZMVgvRWQyK0dsQW9HQkFPZ2dYcnZTQWVCU016elByV3lUXG5hZEN5cXhuNUhCZnFERG5WeTRObXFqbkdVTGJNQkErUnp5NFM3V2NNQkpBNmUwM0RQYzRLN1VyWFoyc0ZQK1hQXG5SYU5lUVdQbUE0NUhIdjdwQlFRR1RPUFFOK1A5UWJCTDlvUm4wSVNCcU8weFJPZWlpN2pzTWpqWWE4d2FoSXl5XG5HZGlYU2d4b0lBTmRQKzd2Q0hrQTlBakVcbi0tLS0tRU5EIFBSSVZBVEUgS0VZLS0tLS1cbiIsCiAgImNsaWVudF9lbWFpbCI6ICJteS1icS1zZXJ2aWNlLWFjY291bnRAdXNlci1vdWFzc2VwemtpeGYuaWFtLmdzZXJ2aWNlYWNjb3VudC5jb20iLAogICJjbGllbnRfaWQiOiAiMTAxNTQ2NzgwMTAwNzgzNTgxNjAxIiwKICAiYXV0aF91cmkiOiAiaHR0cHM6Ly9hY2NvdW50cy5nb29nbGUuY29tL28vb2F1dGgyL2F1dGgiLAogICJ0b2tlbl91cmkiOiAiaHR0cHM6Ly9vYXV0aDIuZ29vZ2xlYXBpcy5jb20vdG9rZW4iLAogICJhdXRoX3Byb3ZpZGVyX3g1MDlfY2VydF91cmwiOiAiaHR0cHM6Ly93d3cuZ29vZ2xlYXBpcy5jb20vb2F1dGgyL3YxL2NlcnRzIiwKICAiY2xpZW50X3g1MDlfY2VydF91cmwiOiAiaHR0cHM6Ly93d3cuZ29vZ2xlYXBpcy5jb20vcm9ib3QvdjEvbWV0YWRhdGEveDUwOS9teS1icS1zZXJ2aWNlLWFjY291bnQlNDB1c2VyLW91YXNzZXB6a2l4Zi5pYW0uZ3NlcnZpY2VhY2NvdW50LmNvbSIsCiAgInVuaXZlcnNlX2RvbWFpbiI6ICJnb29nbGVhcGlzLmNvbSIKfQo=",
            "content_base64": null,
            "content_base64sha256": "DHugEQ0zHxi74VCm/COQugJGzlV6OhF1qyFb5C3X9BI=",
            "content_base64sha512": "5skIEnm7ltekJH09Wh44hHYzbW5JOoyAVVsQR+bgrPq/4FUkOU1uB1d8hM7xPQeavwMVzUGUbQFOgNZzpXfCsQ==",
            "content_md5": "62bbdd1da88947bec5795b5b8a77685d",
            "content_sha1": "749b4fef4c04540cd392dc77c5412d7e12c09c11",
            "content_sha256": "0c7ba0110d331f18bbe150a6fc2390ba0246ce557a3a1175ab215be42dd7f412",
            "content_sha512": "e6c9081279bb96d7a4247d3d5a1e388476336d6e493a8c80555b1047e6e0acfabfe05524394d6e07577c84cef13d079abf0315cd41946d014e80d673a577c2b1",
            "directory_permission": "0777",
            "file_permission": "0777",
            "filename": "./my-bq-service-account-key.json",
            "id": "749b4fef4c04540cd392dc77c5412d7e12c09c11",
            "sensitive_content": null,
            "source": null
          },
          "sensitive_attributes": [
            [
              {
                "type": "get_attr",
                "value": "sensitive_content"
              }
            ],
            [
              {
                "type": "get_attr",
                "value": "content"
              }
            ]
          ],
          "dependencies": [
            "google_service_account.bq_service_account",
            "google_service_account_key.key"
          ]
        }
      ]
    }
  ],
  "check_results": null
}
